
Microsoft Visual Studio Solution File, Format Version 12.00
# Visual Studio Version 17
VisualStudioVersion = 17.11.35312.102
MinimumVisualStudioVersion = 10.0.40219.1
Project("{9A19103F-16F7-4668-BE54-9A1E7A4F7556}") = "Game_API", "Game_API\Game_API.csproj", "{39AE2201-3506-487E-8D38-E89B8D25F485}"
EndProject
Project("{9A19103F-16F7-4668-BE54-9A1E7A4F7556}") = "Game_MVC", "Game_MVC\Game_MVC.csproj", "{AFE5AAFB-5004-4B4F-8B82-2DC8B2E910BD}"
EndProject
Project("{9A19103F-16F7-4668-BE54-9A1E7A4F7556}") = "Game_API.Tests", "Game_API.Tests\Game_API.Tests.csproj", "{C314B8BF-7388-47B0-B86B-52177D4F5D20}"
EndProject
Global
	GlobalSection(SolutionConfigurationPlatforms) = preSolution
		Debug|Any CPU = Debug|Any CPU
		Release|Any CPU = Release|Any CPU
	EndGlobalSection
	GlobalSection(ProjectConfigurationPlatforms) = postSolution
		{39AE2201-3506-487E-8D38-E89B8D25F485}.Debug|Any CPU.ActiveCfg = Debug|Any CPU
		{39AE2201-3506-487E-8D38-E89B8D25F485}.Debug|Any CPU.Build.0 = Debug|Any CPU
		{39AE2201-3506-487E-8D38-E89B8D25F485}.Release|Any CPU.ActiveCfg = Release|Any CPU
		{39AE2201-3506-487E-8D38-E89B8D25F485}.Release|Any CPU.Build.0 = Release|Any CPU
		{AFE5AAFB-5004-4B4F-8B82-2DC8B2E910BD}.Debug|Any CPU.ActiveCfg = Debug|Any CPU
		{AFE5AAFB-5004-4B4F-8B82-2DC8B2E910BD}.Debug|Any CPU.Build.0 = Debug|Any CPU
		{AFE5AAFB-5004-4B4F-8B82-2DC8B2E910BD}.Release|Any CPU.ActiveCfg = Release|Any CPU
		{AFE5AAFB-5004-4B4F-8B82-2DC8B2E910BD}.Release|Any CPU.Build.0 = Release|Any CPU
		{C314B8BF-7388-47B0-B86B-52177D4F5D20}.Debug|Any CPU.ActiveCfg = Debug|Any CPU
		{C314B8BF-7388-47B0-B86B-52177D4F5D20}.Debug|Any CPU.Build.0 = Debug|Any CPU
		{C314B8BF-7388-47B0-B86B-52177D4F5D20}.Release|Any CPU.ActiveCfg = Release|Any CPU
		{C314B8BF-7388-47B0-B86B-52177D4F5D20}.Release|Any CPU.Build.0 = Release|Any CPU
	EndGlobalSection
	GlobalSection(SolutionProperties) = preSolution
		HideSolutionNode = FALSE
	EndGlobalSection
	GlobalSection(ExtensibilityGlobals) = postSolution
		SolutionGuid = {B7D634BA-4EE0-4468-8DDA-B51F6D01035A}
	EndGlobalSection
EndGlobal
